
Microsoft Visual Studio Solution File, Format Version 12.00
# Visual Studio Version 17
VisualStudioVersion = 17.11.35312.102
MinimumVisualStudioVersion = 10.0.40219.1
Project("{9A19103F-16F7-4668-BE54-9A1E7A4F7556}") = "JiujitsuGymApp", "JiujitsuGymApp.csproj", "{23131B5E-B43D-474F-82BB-45DB9ACEAFB6}"
EndProject
Project("{FAE04EC0-301F-11D3-BF4B-00C04F79EFBC}") = "JiujitsuGymApp.Tests", "..\JiujitsuGymApp.Tests\JiujitsuGymApp.Tests.csproj", "{151627C7-BEB6-410C-9E7F-2A4A99BBF23B}"
EndProject
Global
	GlobalSection(SolutionConfigurationPlatforms) = preSolution
		Debug|Any CPU = Debug|Any CPU
		Release|Any CPU = Release|Any CPU
	EndGlobalSection
	GlobalSection(ProjectConfigurationPlatforms) = postSolution
		{23131B5E-B43D-474F-82BB-45DB9ACEAFB6}.Debug|Any CPU.ActiveCfg = Debug|Any CPU
		{23131B5E-B43D-474F-82BB-45DB9ACEAFB6}.Debug|Any CPU.Build.0 = Debug|Any CPU
		{23131B5E-B43D-474F-82BB-45DB9ACEAFB6}.Release|Any CPU.ActiveCfg = Release|Any CPU
		{23131B5E-B43D-474F-82BB-45DB9ACEAFB6}.Release|Any CPU.Build.0 = Release|Any CPU
		{151627C7-BEB6-410C-9E7F-2A4A99BBF23B}.Debug|Any CPU.ActiveCfg = Debug|Any CPU
		{151627C7-BEB6-410C-9E7F-2A4A99BBF23B}.Debug|Any CPU.Build.0 = Debug|Any CPU
		{151627C7-BEB6-410C-9E7F-2A4A99BBF23B}.Release|Any CPU.ActiveCfg = Release|Any CPU
		{151627C7-BEB6-410C-9E7F-2A4A99BBF23B}.Release|Any CPU.Build.0 = Release|Any CPU
	EndGlobalSection
	GlobalSection(SolutionProperties) = preSolution
		HideSolutionNode = FALSE
	EndGlobalSection
	GlobalSection(ExtensibilityGlobals) = postSolution
		SolutionGuid = {472B75B4-9144-4EFC-8D9D-926754900A1E}
	EndGlobalSection
EndGlobal
